
Microsoft Visual Studio Solution File, Format Version 12.00
# Visual Studio Version 17
VisualStudioVersion = 17.0.31903.59
MinimumVisualStudioVersion = 10.0.40219.1
Project("{FAE04EC0-301F-11D3-BF4B-00C04F79EFBC}") = "producer", "producer\producer.csproj", "{8F145EFF-1705-4F66-A62D-FC4609F3DC25}"
EndProject
Project("{FAE04EC0-301F-11D3-BF4B-00C04F79EFBC}") = "consumer", "consumer\consumer.csproj", "{8B2C2297-DE06-4A62-B8C6-703554C1A4BB}"
EndProject
Project("{FAE04EC0-301F-11D3-BF4B-00C04F79EFBC}") = "consumer2", "consumer2\consumer2.csproj", "{29FB96AF-F294-4C7E-A084-53B9301F5B69}"
EndProject
Global
	GlobalSection(SolutionConfigurationPlatforms) = preSolution
		Debug|Any CPU = Debug|Any CPU
		Release|Any CPU = Release|Any CPU
	EndGlobalSection
	GlobalSection(SolutionProperties) = preSolution
		HideSolutionNode = FALSE
	EndGlobalSection
	GlobalSection(ProjectConfigurationPlatforms) = postSolution
		{8F145EFF-1705-4F66-A62D-FC4609F3DC25}.Debug|Any CPU.ActiveCfg = Debug|Any CPU
		{8F145EFF-1705-4F66-A62D-FC4609F3DC25}.Debug|Any CPU.Build.0 = Debug|Any CPU
		{8F145EFF-1705-4F66-A62D-FC4609F3DC25}.Release|Any CPU.ActiveCfg = Release|Any CPU
		{8F145EFF-1705-4F66-A62D-FC4609F3DC25}.Release|Any CPU.Build.0 = Release|Any CPU
		{8B2C2297-DE06-4A62-B8C6-703554C1A4BB}.Debug|Any CPU.ActiveCfg = Debug|Any CPU
		{8B2C2297-DE06-4A62-B8C6-703554C1A4BB}.Debug|Any CPU.Build.0 = Debug|Any CPU
		{8B2C2297-DE06-4A62-B8C6-703554C1A4BB}.Release|Any CPU.ActiveCfg = Release|Any CPU
		{8B2C2297-DE06-4A62-B8C6-703554C1A4BB}.Release|Any CPU.Build.0 = Release|Any CPU
		{29FB96AF-F294-4C7E-A084-53B9301F5B69}.Debug|Any CPU.ActiveCfg = Debug|Any CPU
		{29FB96AF-F294-4C7E-A084-53B9301F5B69}.Debug|Any CPU.Build.0 = Debug|Any CPU
		{29FB96AF-F294-4C7E-A084-53B9301F5B69}.Release|Any CPU.ActiveCfg = Release|Any CPU
		{29FB96AF-F294-4C7E-A084-53B9301F5B69}.Release|Any CPU.Build.0 = Release|Any CPU
	EndGlobalSection
EndGlobal
